// !$*UTF8*$!
{
	archiveVersion = 1;
	classes = {
	};
	objectVersion = 50;
	objects = {

/* Begin PBXBuildFile section */
		4B7FFEE023C5BEF9003813B9 /* AppDelegate.swift in Sources */ = {isa = PBXBuildFile; fileRef = 4B7FFEDF23C5BEF9003813B9 /* AppDelegate.swift */; };
		4B7FFEE223C5BEF9003813B9 /* SceneDelegate.swift in Sources */ = {isa = PBXBuildFile; fileRef = 4B7FFEE123C5BEF9003813B9 /* SceneDelegate.swift */; };
		4B7FFEE423C5BEF9003813B9 /* ContentView.swift in Sources */ = {isa = PBXBuildFile; fileRef = 4B7FFEE323C5BEF9003813B9 /* ContentView.swift */; };
		4B7FFEE623C5BEFB003813B9 /* Assets.xcassets in Resources */ = {isa = PBXBuildFile; fileRef = 4B7FFEE523C5BEFB003813B9 /* Assets.xcassets */; };
		4B7FFEE923C5BEFB003813B9 /* Preview Assets.xcassets in Resources */ = {isa = PBXBuildFile; fileRef = 4B7FFEE823C5BEFB003813B9 /* Preview Assets.xcassets */; };
		4B7FFEEC23C5BEFB003813B9 /* LaunchScreen.storyboard in Resources */ = {isa = PBXBuildFile; fileRef = 4B7FFEEA23C5BEFB003813B9 /* LaunchScreen.storyboard */; };
		4B7FFEF523C6F92C003813B9 /* Article.swift in Sources */ = {isa = PBXBuildFile; fileRef = 4B7FFEF423C6F92C003813B9 /* Article.swift */; };
		4B7FFEF923C6FD8E003813B9 /* ArticleRow.swift in Sources */ = {isa = PBXBuildFile; fileRef = 4B7FFEF823C6FD8E003813B9 /* ArticleRow.swift */; };
		4B7FFEFB23C85C39003813B9 /* ArticleList.swift in Sources */ = {isa = PBXBuildFile; fileRef = 4B7FFEFA23C85C39003813B9 /* ArticleList.swift */; };
/* End PBXBuildFile section */

/* Begin PBXFileReference section */
		4B7FFEDC23C5BEF9003813B9 /* News.app */ = {isa = PBXFileReference; explicitFileType = wrapper.application; includeInIndex = 0; path = News.app; sourceTree = BUILT_PRODUCTS_DIR; };
		4B7FFEDF23C5BEF9003813B9 /* AppDelegate.swift */ = {isa = PBXFileReference; lastKnownFileType = sourcecode.swift; path = AppDelegate.swift; sourceTree = "<group>"; };
		4B7FFEE123C5BEF9003813B9 /* SceneDelegate.swift */ = {isa = PBXFileReference; lastKnownFileType = sourcecode.swift; path = SceneDelegate.swift; sourceTree = "<group>"; };
		4B7FFEE323C5BEF9003813B9 /* ContentView.swift */ = {isa = PBXFileReference; lastKnownFileType = sourcecode.swift; path = ContentView.swift; sourceTree = "<group>"; };
		4B7FFEE523C5BEFB003813B9 /* Assets.xcassets */ = {isa = PBXFileReference; lastKnownFileType = folder.assetcatalog; path = Assets.xcassets; sourceTree = "<group>"; };
		4B7FFEE823C5BEFB003813B9 /* Preview Assets.xcassets */ = {isa = PBXFileReference; lastKnownFileType = folder.assetcatalog; path = "Preview Assets.xcassets"; sourceTree = "<group>"; };
		4B7FFEEB23C5BEFB003813B9 /* Base */ = {isa = PBXFileReference; lastKnownFileType = file.storyboard; name = Base; path = Base.lproj/LaunchScreen.storyboard; sourceTree = "<group>"; };
		4B7FFEED23C5BEFB003813B9 /* Info.plist */ = {isa = PBXFileReference; lastKnownFileType = text.plist.xml; path = Info.plist; sourceTree = "<group>"; };
		4B7FFEF423C6F92C003813B9 /* Article.swift */ = {isa = PBXFileReference; lastKnownFileType = sourcecode.swift; path = Article.swift; sourceTree = "<group>"; };
		4B7FFEF823C6FD8E003813B9 /* ArticleRow.swift */ = {isa = PBXFileReference; lastKnownFileType = sourcecode.swift; path = ArticleRow.swift; sourceTree = "<group>"; };
		4B7FFEFA23C85C39003813B9 /* ArticleList.swift */ = {isa = PBXFileReference; lastKnownFileType = sourcecode.swift; path = ArticleList.swift; sourceTree = "<group>"; };
/* End PBXFileReference section */

/* Begin PBXFrameworksBuildPhase section */
		4B7FFED923C5BEF9003813B9 /* Frameworks */ = {
			isa = PBXFrameworksBuildPhase;
			buildActionMask = 2147483647;
			files = (
			);
			runOnlyForDeploymentPostprocessing = 0;
		};
/* End PBXFrameworksBuildPhase section */

/* Begin PBXGroup section */
		4B7FFED323C5BEF9003813B9 = {
			isa = PBXGroup;
			children = (
				4B7FFEDE23C5BEF9003813B9 /* News */,
				4B7FFEDD23C5BEF9003813B9 /* Products */,
			);
			sourceTree = "<group>";
		};
		4B7FFEDD23C5BEF9003813B9 /* Products */ = {
			isa = PBXGroup;
			children = (
				4B7FFEDC23C5BEF9003813B9 /* News.app */,
			);
			name = Products;
			sourceTree = "<group>";
		};
		4B7FFEDE23C5BEF9003813B9 /* News */ = {
			isa = PBXGroup;
			children = (
				4B7FFEF723C6FD6E003813B9 /* Views */,
				4B7FFEF623C6F931003813B9 /* Models */,
				4B7FFEDF23C5BEF9003813B9 /* AppDelegate.swift */,
				4B7FFEE123C5BEF9003813B9 /* SceneDelegate.swift */,
				4B7FFEE323C5BEF9003813B9 /* ContentView.swift */,
				4B7FFEE523C5BEFB003813B9 /* Assets.xcassets */,
				4B7FFEEA23C5BEFB003813B9 /* LaunchScreen.storyboard */,
				4B7FFEED23C5BEFB003813B9 /* Info.plist */,
				4B7FFEE723C5BEFB003813B9 /* Preview Content */,
			);
			path = News;
			sourceTree = "<group>";
		};
		4B7FFEE723C5BEFB003813B9 /* Preview Content */ = {
			isa = PBXGroup;
			children = (
				4B7FFEE823C5BEFB003813B9 /* Preview Assets.xcassets */,
			);
			path = "Preview Content";
			sourceTree = "<group>";
		};
		4B7FFEF623C6F931003813B9 /* Models */ = {
			isa = PBXGroup;
			children = (
				4B7FFEF423C6F92C003813B9 /* Article.swift */,
			);
			path = Models;
			sourceTree = "<group>";
		};
		4B7FFEF723C6FD6E003813B9 /* Views */ = {
			isa = PBXGroup;
			children = (
				4B7FFEF823C6FD8E003813B9 /* ArticleRow.swift */,
				4B7FFEFA23C85C39003813B9 /* ArticleList.swift */,
			);
			path = Views;
			sourceTree = "<group>";
		};
/* End PBXGroup section */

/* Begin PBXNativeTarget section */
		4B7FFEDB23C5BEF9003813B9 /* News */ = {
			isa = PBXNativeTarget;
			buildConfigurationList = 4B7FFEF023C5BEFB003813B9 /* Build configuration list for PBXNativeTarget "News" */;
			buildPhases = (
				4B7FFED823C5BEF9003813B9 /* Sources */,
				4B7FFED923C5BEF9003813B9 /* Frameworks */,
				4B7FFEDA23C5BEF9003813B9 /* Resources */,
			);
			buildRules = (
			);
			dependencies = (
			);
			name = News;
			productName = News;
			productReference = 4B7FFEDC23C5BEF9003813B9 /* News.app */;
			productType = "com.apple.product-type.application";
		};
/* End PBXNativeTarget section */

/* Begin PBXProject section */
		4B7FFED423C5BEF9003813B9 /* Project object */ = {
			isa = PBXProject;
			attributes = {
				LastSwiftUpdateCheck = 1130;
				LastUpgradeCheck = 1130;
				ORGANIZATIONNAME = "David Montes";
				TargetAttributes = {
					4B7FFEDB23C5BEF9003813B9 = {
						CreatedOnToolsVersion = 11.3;
					};
				};
			};
			buildConfigurationList = 4B7FFED723C5BEF9003813B9 /* Build configuration list for PBXProject "News" */;
			compatibilityVersion = "Xcode 9.3";
			developmentRegion = en;
			hasScannedForEncodings = 0;
			knownRegions = (
				en,
				Base,
			);
			mainGroup = 4B7FFED323C5BEF9003813B9;
			productRefGroup = 4B7FFEDD23C5BEF9003813B9 /* Products */;
			projectDirPath = "";
			projectRoot = "";
			targets = (
				4B7FFEDB23C5BEF9003813B9 /* News */,
			);
		};
/* End PBXProject section */

/* Begin PBXResourcesBuildPhase section */
		4B7FFEDA23C5BEF9003813B9 /* Resources */ = {
			isa = PBXResourcesBuildPhase;
			buildActionMask = 2147483647;
			files = (
				4B7FFEEC23C5BEFB003813B9 /* LaunchScreen.storyboard in Resources */,
				4B7FFEE923C5BEFB003813B9 /* Preview Assets.xcassets in Resources */,
				4B7FFEE623C5BEFB003813B9 /* Assets.xcassets in Resources */,
			);
			runOnlyForDeploymentPostprocessing = 0;
		};
/* End PBXResourcesBuildPhase section */

/* Begin PBXSourcesBuildPhase section */
		4B7FFED823C5BEF9003813B9 /* Sources */ = {
			isa = PBXSourcesBuildPhase;
			buildActionMask = 2147483647;
			files = (
				4B7FFEF923C6FD8E003813B9 /* ArticleRow.swift in Sources */,
				4B7FFEF523C6F92C003813B9 /* Article.swift in Sources */,
				4B7FFEFB23C85C39003813B9 /* ArticleList.swift in Sources */,
				4B7FFEE023C5BEF9003813B9 /* AppDelegate.swift in Sources */,
				4B7FFEE223C5BEF9003813B9 /* SceneDelegate.swift in Sources */,
				4B7FFEE423C5BEF9003813B9 /* ContentView.swift in Sources */,
			);
			runOnlyForDeploymentPostprocessing = 0;
		};
/* End PBXSourcesBuildPhase section */

/* Begin PBXVariantGroup section */
		4B7FFEEA23C5BEFB003813B9 /* LaunchScreen.storyboard */ = {
			isa = PBXVariantGroup;
			children = (
				4B7FFEEB23C5BEFB003813B9 /* Base */,
			);
			name = LaunchScreen.storyboard;
			sourceTree = "<group>";
		};
/* End PBXVariantGroup section */

/* Begin XCBuildConfiguration section */
		4B7FFEEE23C5BEFB003813B9 /* Debug */ = {
			isa = XCBuildConfiguration;
			buildSettings = {
				ALWAYS_SEARCH_USER_PATHS = NO;
				CLANG_ANALYZER_NONNULL = YES;
				CLANG_ANALYZER_NUMBER_OBJECT_CONVERSION = YES_AGGRESSIVE;
				CLANG_CXX_LANGUAGE_STANDARD = "gnu++14";
				CLANG_CXX_LIBRARY = "libc++";
				CLANG_ENABLE_MODULES = YES;
				CLANG_ENABLE_OBJC_ARC = YES;
				CLANG_ENABLE_OBJC_WEAK = YES;
				CLANG_WARN_BLOCK_CAPTURE_AUTORELEASING = YES;
				CLANG_WARN_BOOL_CONVERSION = YES;
				CLANG_WARN_COMMA = YES;
				CLANG_WARN_CONSTANT_CONVERSION = YES;
				CLANG_WARN_DEPRECATED_OBJC_IMPLEMENTATIONS = YES;
				CLANG_WARN_DIRECT_OBJC_ISA_USAGE = YES_ERROR;
				CLANG_WARN_DOCUMENTATION_COMMENTS = YES;
				CLANG_WARN_EMPTY_BODY = YES;
				CLANG_WARN_ENUM_CONVERSION = YES;
				CLANG_WARN_INFINITE_RECURSION = YES;
				CLANG_WARN_INT_CONVERSION = YES;
				CLANG_WARN_NON_LITERAL_NULL_CONVERSION = YES;
				CLANG_WARN_OBJC_IMPLICIT_RETAIN_SELF = YES;
				CLANG_WARN_OBJC_LITERAL_CONVERSION = YES;
				CLANG_WARN_OBJC_ROOT_CLASS = YES_ERROR;
				CLANG_WARN_RANGE_LOOP_ANALYSIS = YES;
				CLANG_WARN_STRICT_PROTOTYPES = YES;
				CLANG_WARN_SUSPICIOUS_MOVE = YES;
				CLANG_WARN_UNGUARDED_AVAILABILITY = YES_AGGRESSIVE;
				CLANG_WARN_UNREACHABLE_CODE = YES;
				CLANG_WARN__DUPLICATE_METHOD_MATCH = YES;
				COPY_PHASE_STRIP = NO;
				DEBUG_INFORMATION_FORMAT = dwarf;
				ENABLE_STRICT_OBJC_MSGSEND = YES;
				ENABLE_TESTABILITY = YES;
				GCC_C_LANGUAGE_STANDARD = gnu11;
				GCC_DYNAMIC_NO_PIC = NO;
				GCC_NO_COMMON_BLOCKS = YES;
				GCC_OPTIMIZATION_LEVEL = 0;
				GCC_PREPROCESSOR_DEFINITIONS = (
					"DEBUG=1",
					"$(inherited)",
				);
				GCC_WARN_64_TO_32_BIT_CONVERSION = YES;
				GCC_WARN_ABOUT_RETURN_TYPE = YES_ERROR;
				GCC_WARN_UNDECLARED_SELECTOR = YES;
				GCC_WARN_UNINITIALIZED_AUTOS = YES_AGGRESSIVE;
				GCC_WARN_UNUSED_FUNCTION = YES;
				GCC_WARN_UNUSED_VARIABLE = YES;
				IPHONEOS_DEPLOYMENT_TARGET = 13.2;
				MTL_ENABLE_DEBUG_INFO = INCLUDE_SOURCE;
				MTL_FAST_MATH = YES;
				ONLY_ACTIVE_ARCH = YES;
				SDKROOT = iphoneos;
				SWIFT_ACTIVE_COMPILATION_CONDITIONS = DEBUG;
				SWIFT_OPTIMIZATION_LEVEL = "-Onone";
			};
			name = Debug;
		};
		4B7FFEEF23C5BEFB003813B9 /* Release */ = {
			isa = XCBuildConfiguration;
			buildSettings = {
				ALWAYS_SEARCH_USER_PATHS = NO;
				CLANG_ANALYZER_NONNULL = YES;
				CLANG_ANALYZER_NUMBER_OBJECT_CONVERSION = YES_AGGRESSIVE;
				CLANG_CXX_LANGUAGE_STANDARD = "gnu++14";
				CLANG_CXX_LIBRARY = "libc++";
				CLANG_ENABLE_MODULES = YES;
				CLANG_ENABLE_OBJC_ARC = YES;
				CLANG_ENABLE_OBJC_WEAK = YES;
				CLANG_WARN_BLOCK_CAPTURE_AUTORELEASING = YES;
				CLANG_WARN_BOOL_CONVERSION = YES;
				CLANG_WARN_COMMA = YES;
				CLANG_WARN_CONSTANT_CONVERSION = YES;
				CLANG_WARN_DEPRECATED_OBJC_IMPLEMENTATIONS = YES;
				CLANG_WARN_DIRECT_OBJC_ISA_USAGE = YES_ERROR;
				CLANG_WARN_DOCUMENTATION_COMMENTS = YES;
				CLANG_WARN_EMPTY_BODY = YES;
				CLANG_WARN_ENUM_CONVERSION = YES;
				CLANG_WARN_INFINITE_RECURSION = YES;
				CLANG_WARN_INT_CONVERSION = YES;
				CLANG_WARN_NON_LITERAL_NULL_CONVERSION = YES;
				CLANG_WARN_OBJC_IMPLICIT_RETAIN_SELF = YES;
				CLANG_WARN_OBJC_LITERAL_CONVERSION = YES;
				CLANG_WARN_OBJC_ROOT_CLASS = YES_ERROR;
				CLANG_WARN_RANGE_LOOP_ANALYSIS = YES;
				CLANG_WARN_STRICT_PROTOTYPES = YES;
				CLANG_WARN_SUSPICIOUS_MOVE = YES;
				CLANG_WARN_UNGUARDED_AVAILABILITY = YES_AGGRESSIVE;
				CLANG_WARN_UNREACHABLE_CODE = YES;
				CLANG_WARN__DUPLICATE_METHOD_MATCH = YES;
				COPY_PHASE_STRIP = NO;
				DEBUG_INFORMATION_FORMAT = "dwarf-with-dsym";
				ENABLE_NS_ASSERTIONS = NO;
				ENABLE_STRICT_OBJC_MSGSEND = YES;
				GCC_C_LANGUAGE_STANDARD = gnu11;
				GCC_NO_COMMON_BLOCKS = YES;
				GCC_WARN_64_TO_32_BIT_CONVERSION = YES;
				GCC_WARN_ABOUT_RETURN_TYPE = YES_ERROR;
				GCC_WARN_UNDECLARED_SELECTOR = YES;
				GCC_WARN_UNINITIALIZED_AUTOS = YES_AGGRESSIVE;
				GCC_WARN_UNUSED_FUNCTION = YES;
				GCC_WARN_UNUSED_VARIABLE = YES;
				IPHONEOS_DEPLOYMENT_TARGET = 13.2;
				MTL_ENABLE_DEBUG_INFO = NO;
				MTL_FAST_MATH = YES;
				SDKROOT = iphoneos;
				SWIFT_COMPILATION_MODE = wholemodule;
				SWIFT_OPTIMIZATION_LEVEL = "-O";
				VALIDATE_PRODUCT = YES;
			};
			name = Release;
		};
		4B7FFEF123C5BEFB003813B9 /* Debug */ = {
			isa = XCBuildConfiguration;
			buildSettings = {
				ASSETCATALOG_COMPILER_APPICON_NAME = AppIcon;
				CODE_SIGN_STYLE = Automatic;
				DEVELOPMENT_ASSET_PATHS = "\"News/Preview Content\"";
				DEVELOPMENT_TEAM = 8LLD2EL626;
				ENABLE_PREVIEWS = YES;
				INFOPLIST_FILE = News/Info.plist;
				LD_RUNPATH_SEARCH_PATHS = (
					"$(inherited)",
					"@executable_path/Frameworks",
				);
				PRODUCT_BUNDLE_IDENTIFIER = com.learnappmaking.News;
				PRODUCT_NAME = "$(TARGET_NAME)";
				SWIFT_VERSION = 5.0;
				TARGETED_DEVICE_FAMILY = "1,2";
			};
			name = Debug;
		};
		4B7FFEF223C5BEFB003813B9 /* Release */ = {
			isa = XCBuildConfiguration;
			buildSettings = {
				ASSETCATALOG_COMPILER_APPICON_NAME = AppIcon;
				CODE_SIGN_STYLE = Automatic;
				DEVELOPMENT_ASSET_PATHS = "\"News/Preview Content\"";
				DEVELOPMENT_TEAM = 8LLD2EL626;
				ENABLE_PREVIEWS = YES;
				INFOPLIST_FILE = News/Info.plist;
				LD_RUNPATH_SEARCH_PATHS = (
					"$(inherited)",
					"@executable_path/Frameworks",
				);
				PRODUCT_BUNDLE_IDENTIFIER = com.learnappmaking.News;
				PRODUCT_NAME = "$(TARGET_NAME)";
				SWIFT_VERSION = 5.0;
				TARGETED_DEVICE_FAMILY = "1,2";
			};
			name = Release;
		};
/* End XCBuildConfiguration section */

/* Begin XCConfigurationList section */
		4B7FFED723C5BEF9003813B9 /* Build configuration list for PBXProject "News" */ = {
			isa = XCConfigurationList;
			buildConfigurations = (
				4B7FFEEE23C5BEFB003813B9 /* Debug */,
				4B7FFEEF23C5BEFB003813B9 /* Release */,
			);
			defaultConfigurationIsVisible = 0;
			defaultConfigurationName = Release;
		};
		4B7FFEF023C5BEFB003813B9 /* Build configuration list for PBXNativeTarget "News" */ = {
			isa = XCConfigurationList;
			buildConfigurations = (
				4B7FFEF123C5BEFB003813B9 /* Debug */,
				4B7FFEF223C5BEFB003813B9 /* Release */,
			);
			defaultConfigurationIsVisible = 0;
			defaultConfigurationName = Release;
		};
/* End XCConfigurationList section */
	};
	rootObject = 4B7FFED423C5BEF9003813B9 /* Project object */;
}
